PODS:
  - FlutterMacOS (1.0.0)
  - lef_editor_plugin (0.0.1):
    - FlutterMacOS

DEPENDENCIES:
  - FlutterMacOS (from `Flutter/ephemeral`)
  - lef_editor_plugin (from `Flutter/ephemeral/.symlinks/plugins/lef_editor_plugin/macos`)

EXTERNAL SOURCES:
  FlutterMacOS:
    :path: Flutter/ephemeral
  lef_editor_plugin:
    :path: Flutter/ephemeral/.symlinks/plugins/lef_editor_plugin/macos

SPEC CHECKSUMS:
  FlutterMacOS: d0db08ddef1a9af05a5ec4b724367152bb0500b1
  lef_editor_plugin: 4818d96789e027cbf23699beb51ad95c96964eba

PODFILE CHECKSUM: 54d867c82ac51cbd61b565781b9fada492027009

COCOAPODS: 1.16.2
